
Microsoft Visual Studio Solution File, Format Version 11.00
# Visual Studio 2010
Project("{FAE04EC0-301F-11D3-BF4B-00C04F79EFBC}") = "01.FindSumAndAverage", "01.FindSumAndAverage\01.FindSumAndAverage.csproj", "{A04615C4-A62E-4310-A0F1-3677634C0129}"
EndProject
Project("{FAE04EC0-301F-11D3-BF4B-00C04F79EFBC}") = "02.ReverseNumbersWithStack", "02.ReverseNumbersWithStack\02.ReverseNumbersWithStack.csproj", "{E5BA3B9A-E638-4671-8314-E08523B573EA}"
EndProject
Project("{FAE04EC0-301F-11D3-BF4B-00C04F79EFBC}") = "03.SortInIncreasingOrder", "03.SortInIncreasingOrder\03.SortInIncreasingOrder.csproj", "{1EFD904A-59D0-4F9A-8909-0F2A9DB57FC2}"
EndProject
Project("{FAE04EC0-301F-11D3-BF4B-00C04F79EFBC}") = "04.FindLongestSubsequence", "04.FindLongestSubsequence\04.FindLongestSubsequence.csproj", "{EFE05F82-8553-455F-8B26-F19D712B4AD2}"
EndProject
Project("{FAE04EC0-301F-11D3-BF4B-00C04F79EFBC}") = "05.RemoveNegativeNumbers", "05.RemoveNegativeNumbers\05.RemoveNegativeNumbers.csproj", "{C09D0B7B-4132-41D2-AD6B-450D3F6A3138}"
EndProject
Global
	GlobalSection(SolutionConfigurationPlatforms) = preSolution
		Debug|x86 = Debug|x86
		Release|x86 = Release|x86
	EndGlobalSection
	GlobalSection(ProjectConfigurationPlatforms) = postSolution
		{1EFD904A-59D0-4F9A-8909-0F2A9DB57FC2}.Debug|x86.ActiveCfg = Debug|x86
		{1EFD904A-59D0-4F9A-8909-0F2A9DB57FC2}.Debug|x86.Build.0 = Debug|x86
		{1EFD904A-59D0-4F9A-8909-0F2A9DB57FC2}.Release|x86.ActiveCfg = Release|x86
		{1EFD904A-59D0-4F9A-8909-0F2A9DB57FC2}.Release|x86.Build.0 = Release|x86
		{A04615C4-A62E-4310-A0F1-3677634C0129}.Debug|x86.ActiveCfg = Debug|x86
		{A04615C4-A62E-4310-A0F1-3677634C0129}.Debug|x86.Build.0 = Debug|x86
		{A04615C4-A62E-4310-A0F1-3677634C0129}.Release|x86.ActiveCfg = Release|x86
		{A04615C4-A62E-4310-A0F1-3677634C0129}.Release|x86.Build.0 = Release|x86
		{C09D0B7B-4132-41D2-AD6B-450D3F6A3138}.Debug|x86.ActiveCfg = Debug|x86
		{C09D0B7B-4132-41D2-AD6B-450D3F6A3138}.Debug|x86.Build.0 = Debug|x86
		{C09D0B7B-4132-41D2-AD6B-450D3F6A3138}.Release|x86.ActiveCfg = Release|x86
		{C09D0B7B-4132-41D2-AD6B-450D3F6A3138}.Release|x86.Build.0 = Release|x86
		{E5BA3B9A-E638-4671-8314-E08523B573EA}.Debug|x86.ActiveCfg = Debug|x86
		{E5BA3B9A-E638-4671-8314-E08523B573EA}.Debug|x86.Build.0 = Debug|x86
		{E5BA3B9A-E638-4671-8314-E08523B573EA}.Release|x86.ActiveCfg = Release|x86
		{E5BA3B9A-E638-4671-8314-E08523B573EA}.Release|x86.Build.0 = Release|x86
		{EFE05F82-8553-455F-8B26-F19D712B4AD2}.Debug|x86.ActiveCfg = Debug|x86
		{EFE05F82-8553-455F-8B26-F19D712B4AD2}.Debug|x86.Build.0 = Debug|x86
		{EFE05F82-8553-455F-8B26-F19D712B4AD2}.Release|x86.ActiveCfg = Release|x86
		{EFE05F82-8553-455F-8B26-F19D712B4AD2}.Release|x86.Build.0 = Release|x86
	EndGlobalSection
	GlobalSection(MonoDevelopProperties) = preSolution
		StartupItem = 05.RemoveNegativeNumbers\05.RemoveNegativeNumbers.csproj
	EndGlobalSection
EndGlobal
