
Microsoft Visual Studio Solution File, Format Version 12.00
# Visual Studio 2012
Project("{FAE04EC0-301F-11D3-BF4B-00C04F79EFBC}") = "SevenLand", "SevenLand\SevenLand.csproj", "{C3DE5EE7-0840-4D30-B039-47BAD5CDD969}"
EndProject
Project("{FAE04EC0-301F-11D3-BF4B-00C04F79EFBC}") = "A-nacci", "A-nacci\A-nacci.csproj", "{7C07E86B-2D67-4E56-97E9-B0FD3C622F74}"
EndProject
Project("{FAE04EC0-301F-11D3-BF4B-00C04F79EFBC}") = "excelColumns", "excelColumns\excelColumns.csproj", "{E3804D32-485A-400B-ACF9-B6186257CB96}"
EndProject
Project("{FAE04EC0-301F-11D3-BF4B-00C04F79EFBC}") = "TelerikLogo", "TelerikLogo\TelerikLogo.csproj", "{11848F4C-7ACE-468E-AB7B-676EABD5EDD2}"
EndProject
Global
	GlobalSection(SolutionConfigurationPlatforms) = preSolution
		Debug|Any CPU = Debug|Any CPU
		Debug|Mixed Platforms = Debug|Mixed Platforms
		Debug|x86 = Debug|x86
		Release|Any CPU = Release|Any CPU
		Release|Mixed Platforms = Release|Mixed Platforms
		Release|x86 = Release|x86
	EndGlobalSection
	GlobalSection(ProjectConfigurationPlatforms) = postSolution
		{C3DE5EE7-0840-4D30-B039-47BAD5CDD969}.Debug|Any CPU.ActiveCfg = Debug|x86
		{C3DE5EE7-0840-4D30-B039-47BAD5CDD969}.Debug|Mixed Platforms.ActiveCfg = Debug|x86
		{C3DE5EE7-0840-4D30-B039-47BAD5CDD969}.Debug|Mixed Platforms.Build.0 = Debug|x86
		{C3DE5EE7-0840-4D30-B039-47BAD5CDD969}.Debug|x86.ActiveCfg = Debug|x86
		{C3DE5EE7-0840-4D30-B039-47BAD5CDD969}.Debug|x86.Build.0 = Debug|x86
		{C3DE5EE7-0840-4D30-B039-47BAD5CDD969}.Release|Any CPU.ActiveCfg = Release|x86
		{C3DE5EE7-0840-4D30-B039-47BAD5CDD969}.Release|Mixed Platforms.ActiveCfg = Release|x86
		{C3DE5EE7-0840-4D30-B039-47BAD5CDD969}.Release|Mixed Platforms.Build.0 = Release|x86
		{C3DE5EE7-0840-4D30-B039-47BAD5CDD969}.Release|x86.ActiveCfg = Release|x86
		{C3DE5EE7-0840-4D30-B039-47BAD5CDD969}.Release|x86.Build.0 = Release|x86
		{7C07E86B-2D67-4E56-97E9-B0FD3C622F74}.Debug|Any CPU.ActiveCfg = Debug|x86
		{7C07E86B-2D67-4E56-97E9-B0FD3C622F74}.Debug|Mixed Platforms.ActiveCfg = Debug|x86
		{7C07E86B-2D67-4E56-97E9-B0FD3C622F74}.Debug|Mixed Platforms.Build.0 = Debug|x86
		{7C07E86B-2D67-4E56-97E9-B0FD3C622F74}.Debug|x86.ActiveCfg = Debug|x86
		{7C07E86B-2D67-4E56-97E9-B0FD3C622F74}.Debug|x86.Build.0 = Debug|x86
		{7C07E86B-2D67-4E56-97E9-B0FD3C622F74}.Release|Any CPU.ActiveCfg = Release|x86
		{7C07E86B-2D67-4E56-97E9-B0FD3C622F74}.Release|Mixed Platforms.ActiveCfg = Release|x86
		{7C07E86B-2D67-4E56-97E9-B0FD3C622F74}.Release|Mixed Platforms.Build.0 = Release|x86
		{7C07E86B-2D67-4E56-97E9-B0FD3C622F74}.Release|x86.ActiveCfg = Release|x86
		{7C07E86B-2D67-4E56-97E9-B0FD3C622F74}.Release|x86.Build.0 = Release|x86
		{E3804D32-485A-400B-ACF9-B6186257CB96}.Debug|Any CPU.ActiveCfg = Debug|x86
		{E3804D32-485A-400B-ACF9-B6186257CB96}.Debug|Mixed Platforms.ActiveCfg = Debug|x86
		{E3804D32-485A-400B-ACF9-B6186257CB96}.Debug|Mixed Platforms.Build.0 = Debug|x86
		{E3804D32-485A-400B-ACF9-B6186257CB96}.Debug|x86.ActiveCfg = Debug|x86
		{E3804D32-485A-400B-ACF9-B6186257CB96}.Debug|x86.Build.0 = Debug|x86
		{E3804D32-485A-400B-ACF9-B6186257CB96}.Release|Any CPU.ActiveCfg = Release|x86
		{E3804D32-485A-400B-ACF9-B6186257CB96}.Release|Mixed Platforms.ActiveCfg = Release|x86
		{E3804D32-485A-400B-ACF9-B6186257CB96}.Release|Mixed Platforms.Build.0 = Release|x86
		{E3804D32-485A-400B-ACF9-B6186257CB96}.Release|x86.ActiveCfg = Release|x86
		{E3804D32-485A-400B-ACF9-B6186257CB96}.Release|x86.Build.0 = Release|x86
		{11848F4C-7ACE-468E-AB7B-676EABD5EDD2}.Debug|Any CPU.ActiveCfg = Debug|Any CPU
		{11848F4C-7ACE-468E-AB7B-676EABD5EDD2}.Debug|Any CPU.Build.0 = Debug|Any CPU
		{11848F4C-7ACE-468E-AB7B-676EABD5EDD2}.Debug|Mixed Platforms.ActiveCfg = Debug|Any CPU
		{11848F4C-7ACE-468E-AB7B-676EABD5EDD2}.Debug|Mixed Platforms.Build.0 = Debug|Any CPU
		{11848F4C-7ACE-468E-AB7B-676EABD5EDD2}.Debug|x86.ActiveCfg = Debug|Any CPU
		{11848F4C-7ACE-468E-AB7B-676EABD5EDD2}.Release|Any CPU.ActiveCfg = Release|Any CPU
		{11848F4C-7ACE-468E-AB7B-676EABD5EDD2}.Release|Any CPU.Build.0 = Release|Any CPU
		{11848F4C-7ACE-468E-AB7B-676EABD5EDD2}.Release|Mixed Platforms.ActiveCfg = Release|Any CPU
		{11848F4C-7ACE-468E-AB7B-676EABD5EDD2}.Release|Mixed Platforms.Build.0 = Release|Any CPU
		{11848F4C-7ACE-468E-AB7B-676EABD5EDD2}.Release|x86.ActiveCfg = Release|Any CPU
	EndGlobalSection
	GlobalSection(SolutionProperties) = preSolution
		HideSolutionNode = FALSE
	EndGlobalSection
	GlobalSection(MonoDevelopProperties) = preSolution
		StartupItem = excelColumns\excelColumns.csproj
	EndGlobalSection
EndGlobal
