
Microsoft Visual Studio Solution File, Format Version 12.00
# Visual Studio 2013
VisualStudioVersion = 12.0.21005.1
MinimumVisualStudioVersion = 10.0.40219.1
Project("{FAE04EC0-301F-11D3-BF4B-00C04F79EFBC}") = "FallDownFInal", "FallDownFInal\FallDownFInal.csproj", "{5656785D-AC6F-4FA8-981A-190A6E3F4CCF}"
EndProject
Project("{FAE04EC0-301F-11D3-BF4B-00C04F79EFBC}") = "FallDownArrays", "FallDownArrays\FallDownArrays.csproj", "{448154F9-0542-4E0B-8086-AE9F3F081104}"
EndProject
Project("{FAE04EC0-301F-11D3-BF4B-00C04F79EFBC}") = "FallDownEdit", "FallDownEdit\FallDownEdit.csproj", "{43B3F2D5-A797-4EEF-A4FA-2C43DD6B49D3}"
EndProject
Project("{FAE04EC0-301F-11D3-BF4B-00C04F79EFBC}") = "FallDownMatrix", "FallDownMatrix\FallDownMatrix.csproj", "{FFB9103B-BD8E-4F4E-81A2-1B891B0403E1}"
EndProject
Project("{FAE04EC0-301F-11D3-BF4B-00C04F79EFBC}") = "ForestRoad", "ForestRoad\ForestRoad.csproj", "{6AB8630C-00A7-4A5A-9B02-AFE1FC22998A}"
EndProject
Project("{FAE04EC0-301F-11D3-BF4B-00C04F79EFBC}") = "Carpets", "Carpets\Carpets.csproj", "{5C7B37FF-FA8D-4EBB-94F2-8AE34739CD4E}"
EndProject
Global
	GlobalSection(SolutionConfigurationPlatforms) = preSolution
		Debug|Any CPU = Debug|Any CPU
		Release|Any CPU = Release|Any CPU
	EndGlobalSection
	GlobalSection(ProjectConfigurationPlatforms) = postSolution
		{5656785D-AC6F-4FA8-981A-190A6E3F4CCF}.Debug|Any CPU.ActiveCfg = Debug|Any CPU
		{5656785D-AC6F-4FA8-981A-190A6E3F4CCF}.Debug|Any CPU.Build.0 = Debug|Any CPU
		{5656785D-AC6F-4FA8-981A-190A6E3F4CCF}.Release|Any CPU.ActiveCfg = Release|Any CPU
		{5656785D-AC6F-4FA8-981A-190A6E3F4CCF}.Release|Any CPU.Build.0 = Release|Any CPU
		{448154F9-0542-4E0B-8086-AE9F3F081104}.Debug|Any CPU.ActiveCfg = Debug|Any CPU
		{448154F9-0542-4E0B-8086-AE9F3F081104}.Debug|Any CPU.Build.0 = Debug|Any CPU
		{448154F9-0542-4E0B-8086-AE9F3F081104}.Release|Any CPU.ActiveCfg = Release|Any CPU
		{448154F9-0542-4E0B-8086-AE9F3F081104}.Release|Any CPU.Build.0 = Release|Any CPU
		{43B3F2D5-A797-4EEF-A4FA-2C43DD6B49D3}.Debug|Any CPU.ActiveCfg = Debug|Any CPU
		{43B3F2D5-A797-4EEF-A4FA-2C43DD6B49D3}.Debug|Any CPU.Build.0 = Debug|Any CPU
		{43B3F2D5-A797-4EEF-A4FA-2C43DD6B49D3}.Release|Any CPU.ActiveCfg = Release|Any CPU
		{43B3F2D5-A797-4EEF-A4FA-2C43DD6B49D3}.Release|Any CPU.Build.0 = Release|Any CPU
		{FFB9103B-BD8E-4F4E-81A2-1B891B0403E1}.Debug|Any CPU.ActiveCfg = Debug|Any CPU
		{FFB9103B-BD8E-4F4E-81A2-1B891B0403E1}.Debug|Any CPU.Build.0 = Debug|Any CPU
		{FFB9103B-BD8E-4F4E-81A2-1B891B0403E1}.Release|Any CPU.ActiveCfg = Release|Any CPU
		{FFB9103B-BD8E-4F4E-81A2-1B891B0403E1}.Release|Any CPU.Build.0 = Release|Any CPU
		{6AB8630C-00A7-4A5A-9B02-AFE1FC22998A}.Debug|Any CPU.ActiveCfg = Debug|Any CPU
		{6AB8630C-00A7-4A5A-9B02-AFE1FC22998A}.Debug|Any CPU.Build.0 = Debug|Any CPU
		{6AB8630C-00A7-4A5A-9B02-AFE1FC22998A}.Release|Any CPU.ActiveCfg = Release|Any CPU
		{6AB8630C-00A7-4A5A-9B02-AFE1FC22998A}.Release|Any CPU.Build.0 = Release|Any CPU
		{5C7B37FF-FA8D-4EBB-94F2-8AE34739CD4E}.Debug|Any CPU.ActiveCfg = Debug|Any CPU
		{5C7B37FF-FA8D-4EBB-94F2-8AE34739CD4E}.Debug|Any CPU.Build.0 = Debug|Any CPU
		{5C7B37FF-FA8D-4EBB-94F2-8AE34739CD4E}.Release|Any CPU.ActiveCfg = Release|Any CPU
		{5C7B37FF-FA8D-4EBB-94F2-8AE34739CD4E}.Release|Any CPU.Build.0 = Release|Any CPU
	EndGlobalSection
	GlobalSection(SolutionProperties) = preSolution
		HideSolutionNode = FALSE
	EndGlobalSection
EndGlobal
