
Microsoft Visual Studio Solution File, Format Version 12.00
# Visual Studio 2013
VisualStudioVersion = 12.0.30324.0
MinimumVisualStudioVersion = 10.0.40219.1
Project("{FAE04EC0-301F-11D3-BF4B-00C04F79EFBC}") = "Morning.1April.2013", "Morning.1April.2013\Morning.1April.2013.csproj", "{E0B8EE19-7E36-42CC-AE09-B85074FAD8BD}"
EndProject
Global
	GlobalSection(SolutionConfigurationPlatforms) = preSolution
		Debug|Any CPU = Debug|Any CPU
		Release|Any CPU = Release|Any CPU
	EndGlobalSection
	GlobalSection(ProjectConfigurationPlatforms) = postSolution
		{E0B8EE19-7E36-42CC-AE09-B85074FAD8BD}.Debug|Any CPU.ActiveCfg = Debug|Any CPU
		{E0B8EE19-7E36-42CC-AE09-B85074FAD8BD}.Debug|Any CPU.Build.0 = Debug|Any CPU
		{E0B8EE19-7E36-42CC-AE09-B85074FAD8BD}.Release|Any CPU.ActiveCfg = Release|Any CPU
		{E0B8EE19-7E36-42CC-AE09-B85074FAD8BD}.Release|Any CPU.Build.0 = Release|Any CPU
	EndGlobalSection
	GlobalSection(SolutionProperties) = preSolution
		HideSolutionNode = FALSE
	EndGlobalSection
EndGlobal
