
Microsoft Visual Studio Solution File, Format Version 12.00
# Visual Studio 2013
VisualStudioVersion = 12.0.21005.1
MinimumVisualStudioVersion = 10.0.40219.1
Project("{FAE04EC0-301F-11D3-BF4B-00C04F79EFBC}") = "1.TRES4Numbers", "1.TRES4Numbers\1.TRES4Numbers.csproj", "{530EC9B1-4324-4C17-85CF-264E09DB4B97}"
EndProject
Project("{FAE04EC0-301F-11D3-BF4B-00C04F79EFBC}") = "2.BunnyFactory", "2.BunnyFactory\2.BunnyFactory.csproj", "{CB01F117-C2B7-452B-BA06-9201A2047B95}"
EndProject
Project("{FAE04EC0-301F-11D3-BF4B-00C04F79EFBC}") = "2.Bunnies", "2.Bunnies\2.Bunnies.csproj", "{63375375-A3AF-42F5-88E9-867E4059B91C}"
EndProject
Project("{FAE04EC0-301F-11D3-BF4B-00C04F79EFBC}") = "3.Patterns", "3.Patterns\3.Patterns.csproj", "{1717F844-D967-4594-938F-F0BE36AD07F2}"
EndProject
Project("{FAE04EC0-301F-11D3-BF4B-00C04F79EFBC}") = "4.VariableLengthCoding", "4.VariableLengthCoding\4.VariableLengthCoding.csproj", "{DCBD7753-8D86-48AA-8030-F73D749DCBFA}"
EndProject
Global
	GlobalSection(SolutionConfigurationPlatforms) = preSolution
		Debug|Any CPU = Debug|Any CPU
		Release|Any CPU = Release|Any CPU
	EndGlobalSection
	GlobalSection(ProjectConfigurationPlatforms) = postSolution
		{530EC9B1-4324-4C17-85CF-264E09DB4B97}.Debug|Any CPU.ActiveCfg = Debug|Any CPU
		{530EC9B1-4324-4C17-85CF-264E09DB4B97}.Debug|Any CPU.Build.0 = Debug|Any CPU
		{530EC9B1-4324-4C17-85CF-264E09DB4B97}.Release|Any CPU.ActiveCfg = Release|Any CPU
		{530EC9B1-4324-4C17-85CF-264E09DB4B97}.Release|Any CPU.Build.0 = Release|Any CPU
		{CB01F117-C2B7-452B-BA06-9201A2047B95}.Debug|Any CPU.ActiveCfg = Debug|Any CPU
		{CB01F117-C2B7-452B-BA06-9201A2047B95}.Debug|Any CPU.Build.0 = Debug|Any CPU
		{CB01F117-C2B7-452B-BA06-9201A2047B95}.Release|Any CPU.ActiveCfg = Release|Any CPU
		{CB01F117-C2B7-452B-BA06-9201A2047B95}.Release|Any CPU.Build.0 = Release|Any CPU
		{63375375-A3AF-42F5-88E9-867E4059B91C}.Debug|Any CPU.ActiveCfg = Debug|Any CPU
		{63375375-A3AF-42F5-88E9-867E4059B91C}.Debug|Any CPU.Build.0 = Debug|Any CPU
		{63375375-A3AF-42F5-88E9-867E4059B91C}.Release|Any CPU.ActiveCfg = Release|Any CPU
		{63375375-A3AF-42F5-88E9-867E4059B91C}.Release|Any CPU.Build.0 = Release|Any CPU
		{1717F844-D967-4594-938F-F0BE36AD07F2}.Debug|Any CPU.ActiveCfg = Debug|Any CPU
		{1717F844-D967-4594-938F-F0BE36AD07F2}.Debug|Any CPU.Build.0 = Debug|Any CPU
		{1717F844-D967-4594-938F-F0BE36AD07F2}.Release|Any CPU.ActiveCfg = Release|Any CPU
		{1717F844-D967-4594-938F-F0BE36AD07F2}.Release|Any CPU.Build.0 = Release|Any CPU
		{DCBD7753-8D86-48AA-8030-F73D749DCBFA}.Debug|Any CPU.ActiveCfg = Debug|Any CPU
		{DCBD7753-8D86-48AA-8030-F73D749DCBFA}.Debug|Any CPU.Build.0 = Debug|Any CPU
		{DCBD7753-8D86-48AA-8030-F73D749DCBFA}.Release|Any CPU.ActiveCfg = Release|Any CPU
		{DCBD7753-8D86-48AA-8030-F73D749DCBFA}.Release|Any CPU.Build.0 = Release|Any CPU
	EndGlobalSection
	GlobalSection(SolutionProperties) = preSolution
		HideSolutionNode = FALSE
	EndGlobalSection
EndGlobal
