
Microsoft Visual Studio Solution File, Format Version 11.00
# Visual Studio 2010
Project("{FAE04EC0-301F-11D3-BF4B-00C04F79EFBC}") = "01.Shapes", "01.Shapes\01.Shapes.csproj", "{9FEFB265-1222-45C8-B1D9-7CA3F3F87D86}"
EndProject
Project("{FAE04EC0-301F-11D3-BF4B-00C04F79EFBC}") = "02.Bank", "02.Bank\02.Bank.csproj", "{82A9B8CB-F71B-400E-AC8C-FEAEDCAFDF1D}"
EndProject
Global
	GlobalSection(SolutionConfigurationPlatforms) = preSolution
		Debug|x86 = Debug|x86
		Release|x86 = Release|x86
	EndGlobalSection
	GlobalSection(ProjectConfigurationPlatforms) = postSolution
		{82A9B8CB-F71B-400E-AC8C-FEAEDCAFDF1D}.Debug|x86.ActiveCfg = Debug|x86
		{82A9B8CB-F71B-400E-AC8C-FEAEDCAFDF1D}.Debug|x86.Build.0 = Debug|x86
		{82A9B8CB-F71B-400E-AC8C-FEAEDCAFDF1D}.Release|x86.ActiveCfg = Release|x86
		{82A9B8CB-F71B-400E-AC8C-FEAEDCAFDF1D}.Release|x86.Build.0 = Release|x86
		{9FEFB265-1222-45C8-B1D9-7CA3F3F87D86}.Debug|x86.ActiveCfg = Debug|x86
		{9FEFB265-1222-45C8-B1D9-7CA3F3F87D86}.Debug|x86.Build.0 = Debug|x86
		{9FEFB265-1222-45C8-B1D9-7CA3F3F87D86}.Release|x86.ActiveCfg = Release|x86
		{9FEFB265-1222-45C8-B1D9-7CA3F3F87D86}.Release|x86.Build.0 = Release|x86
	EndGlobalSection
	GlobalSection(MonoDevelopProperties) = preSolution
		StartupItem = 02.Bank\02.Bank.csproj
	EndGlobalSection
EndGlobal
