
Microsoft Visual Studio Solution File, Format Version 12.00
# Visual Studio 2013
VisualStudioVersion = 12.0.30324.0
MinimumVisualStudioVersion = 10.0.40219.1
Project("{FAE04EC0-301F-11D3-BF4B-00C04F79EFBC}") = "01.RefactorTheFollowingCode", "01.RefactorTheFollowingCode\01.RefactorTheFollowingCode.csproj", "{0CC39B73-2A7B-43F1-9CF8-234BD0CC9609}"
EndProject
Project("{FAE04EC0-301F-11D3-BF4B-00C04F79EFBC}") = "02.RefactorTheCode", "02.RefactorTheCode\02.RefactorTheCode.csproj", "{A7671E0D-DF0C-4BB1-910D-8A70B45508A5}"
EndProject
Project("{FAE04EC0-301F-11D3-BF4B-00C04F79EFBC}") = "03.RefactorTheCodeJS", "03.RefactorTheCodeJS\03.RefactorTheCodeJS.csproj", "{1F2EC833-D477-4F17-8E6C-5AF841D4FEA2}"
EndProject
Global
	GlobalSection(SolutionConfigurationPlatforms) = preSolution
		Debug|Any CPU = Debug|Any CPU
		Release|Any CPU = Release|Any CPU
	EndGlobalSection
	GlobalSection(ProjectConfigurationPlatforms) = postSolution
		{0CC39B73-2A7B-43F1-9CF8-234BD0CC9609}.Debug|Any CPU.ActiveCfg = Debug|Any CPU
		{0CC39B73-2A7B-43F1-9CF8-234BD0CC9609}.Debug|Any CPU.Build.0 = Debug|Any CPU
		{0CC39B73-2A7B-43F1-9CF8-234BD0CC9609}.Release|Any CPU.ActiveCfg = Release|Any CPU
		{0CC39B73-2A7B-43F1-9CF8-234BD0CC9609}.Release|Any CPU.Build.0 = Release|Any CPU
		{A7671E0D-DF0C-4BB1-910D-8A70B45508A5}.Debug|Any CPU.ActiveCfg = Debug|Any CPU
		{A7671E0D-DF0C-4BB1-910D-8A70B45508A5}.Debug|Any CPU.Build.0 = Debug|Any CPU
		{A7671E0D-DF0C-4BB1-910D-8A70B45508A5}.Release|Any CPU.ActiveCfg = Release|Any CPU
		{A7671E0D-DF0C-4BB1-910D-8A70B45508A5}.Release|Any CPU.Build.0 = Release|Any CPU
		{1F2EC833-D477-4F17-8E6C-5AF841D4FEA2}.Debug|Any CPU.ActiveCfg = Debug|Any CPU
		{1F2EC833-D477-4F17-8E6C-5AF841D4FEA2}.Debug|Any CPU.Build.0 = Debug|Any CPU
		{1F2EC833-D477-4F17-8E6C-5AF841D4FEA2}.Release|Any CPU.ActiveCfg = Release|Any CPU
		{1F2EC833-D477-4F17-8E6C-5AF841D4FEA2}.Release|Any CPU.Build.0 = Release|Any CPU
	EndGlobalSection
	GlobalSection(SolutionProperties) = preSolution
		HideSolutionNode = FALSE
	EndGlobalSection
EndGlobal
