
Microsoft Visual Studio Solution File, Format Version 12.00
# Visual Studio 2013
VisualStudioVersion = 12.0.30501.0
MinimumVisualStudioVersion = 10.0.40219.1
Project("{FAE04EC0-301F-11D3-BF4B-00C04F79EFBC}") = "01.ModuleWorkingWithDOM", "01.ModuleWorkingWithDOM\01.ModuleWorkingWithDOM.csproj", "{D79D6D2E-42DF-4758-9CE2-B0CB15925A0B}"
EndProject
Global
	GlobalSection(SolutionConfigurationPlatforms) = preSolution
		Debug|Any CPU = Debug|Any CPU
		Release|Any CPU = Release|Any CPU
	EndGlobalSection
	GlobalSection(ProjectConfigurationPlatforms) = postSolution
		{D79D6D2E-42DF-4758-9CE2-B0CB15925A0B}.Debug|Any CPU.ActiveCfg = Debug|Any CPU
		{D79D6D2E-42DF-4758-9CE2-B0CB15925A0B}.Debug|Any CPU.Build.0 = Debug|Any CPU
		{D79D6D2E-42DF-4758-9CE2-B0CB15925A0B}.Release|Any CPU.ActiveCfg = Release|Any CPU
		{D79D6D2E-42DF-4758-9CE2-B0CB15925A0B}.Release|Any CPU.Build.0 = Release|Any CPU
	EndGlobalSection
	GlobalSection(SolutionProperties) = preSolution
		HideSolutionNode = FALSE
	EndGlobalSection
EndGlobal
